{
  "name": "group2backend",
  "version": "1.0.0",
  "lockfileVersion": 3,
  "requires": true,
  "author": "Your Name",
  "description": "Backend server for Flood Rehabilitation Project",
  "keywords": [
    "flood",
    "rehabilitation",
    "relief",
    "camps"
  ],
  "license": "MIT",
  "main": "server.js",
  "packages": {
    "": {
      "name": "group2backend",
      "version": "1.0.0",
      "license": "ISC"
    }
  },
  "devDependencies": {
    "nodemon": "^3.0.1"
  },
  "scripts": {
    "dev": "nodemon server.js",
    "start": "node server.js"
  }
}
